
Microsoft Visual Studio Solution File, Format Version 11.00
# Visual Studio 2010
Project("{FAE04EC0-301F-11D3-BF4B-00C04F79EFBC}") = "PcRenamer", "PcRenamer\PcRenamer.csproj", "{206BD5B4-6B7C-4DF2-AD64-B5686BB64CD8}"
EndProject
Global
	GlobalSection(SolutionConfigurationPlatforms) = preSolution
		Debug|x86 = Debug|x86
		Release|x86 = Release|x86
	EndGlobalSection
	GlobalSection(ProjectConfigurationPlatforms) = postSolution
		{206BD5B4-6B7C-4DF2-AD64-B5686BB64CD8}.Debug|x86.ActiveCfg = Debug|x86
		{206BD5B4-6B7C-4DF2-AD64-B5686BB64CD8}.Debug|x86.Build.0 = Debug|x86
		{206BD5B4-6B7C-4DF2-AD64-B5686BB64CD8}.Release|x86.ActiveCfg = Release|x86
		{206BD5B4-6B7C-4DF2-AD64-B5686BB64CD8}.Release|x86.Build.0 = Release|x86
	EndGlobalSection
	GlobalSection(SolutionProperties) = preSolution
		HideSolutionNode = FALSE
	EndGlobalSection
EndGlobal
