
Microsoft Visual Studio Solution File, Format Version 12.00
# Visual Studio Express 2012 for Windows Desktop
Project("{FAE04EC0-301F-11D3-BF4B-00C04F79EFBC}") = "ExampleTcpListener_Console1", "ExampleTcpListener_Console1\ExampleTcpListener_Console1.csproj", "{841C6E10-DACB-4E7E-9017-51506DE12AEA}"
EndProject
Global
	GlobalSection(SolutionConfigurationPlatforms) = preSolution
		Debug|Any CPU = Debug|Any CPU
		Release|Any CPU = Release|Any CPU
	EndGlobalSection
	GlobalSection(ProjectConfigurationPlatforms) = postSolution
		{841C6E10-DACB-4E7E-9017-51506DE12AEA}.Debug|Any CPU.ActiveCfg = Debug|Any CPU
		{841C6E10-DACB-4E7E-9017-51506DE12AEA}.Debug|Any CPU.Build.0 = Debug|Any CPU
		{841C6E10-DACB-4E7E-9017-51506DE12AEA}.Release|Any CPU.ActiveCfg = Release|Any CPU
		{841C6E10-DACB-4E7E-9017-51506DE12AEA}.Release|Any CPU.Build.0 = Release|Any CPU
	EndGlobalSection
	GlobalSection(SolutionProperties) = preSolution
		HideSolutionNode = FALSE
	EndGlobalSection
EndGlobal
